
Microsoft Visual Studio Solution File, Format Version 12.00
# Visual Studio Version 16
VisualStudioVersion = 16.0.30204.135
MinimumVisualStudioVersion = 10.0.40219.1
Project("{FAE04EC0-301F-11D3-BF4B-00C04F79EFBC}") = "PdfService", "PdfService\PdfService.csproj", "{EC3F9C9E-3BFC-4F68-B0C4-93474B6AC47A}"
EndProject
Project("{FAE04EC0-301F-11D3-BF4B-00C04F79EFBC}") = "HTMLCleanupDLL", "HTML cleanup\HTMLCleanupDLL\HTMLCleanupDLL.csproj", "{F9BBFDAC-F625-4F46-8B47-9D99E1776264}"
EndProject
Project("{9A19103F-16F7-4668-BE54-9A1E7A4F7556}") = "PdfCreator", "PdfCreator\PdfCreator.csproj", "{E57FC657-230C-4240-B1BC-ED3A8FFB7718}"
EndProject
Project("{FAE04EC0-301F-11D3-BF4B-00C04F79EFBC}") = "HtmlToPdfService", "HtmlToPdfService\HtmlToPdfService.csproj", "{468BAB55-8655-424B-9CC4-5A576850F24C}"
EndProject
Global
	GlobalSection(SolutionConfigurationPlatforms) = preSolution
		Debug|Any CPU = Debug|Any CPU
		Release|Any CPU = Release|Any CPU
	EndGlobalSection
	GlobalSection(ProjectConfigurationPlatforms) = postSolution
		{EC3F9C9E-3BFC-4F68-B0C4-93474B6AC47A}.Debug|Any CPU.ActiveCfg = Debug|Any CPU
		{EC3F9C9E-3BFC-4F68-B0C4-93474B6AC47A}.Debug|Any CPU.Build.0 = Debug|Any CPU
		{EC3F9C9E-3BFC-4F68-B0C4-93474B6AC47A}.Release|Any CPU.ActiveCfg = Release|Any CPU
		{EC3F9C9E-3BFC-4F68-B0C4-93474B6AC47A}.Release|Any CPU.Build.0 = Release|Any CPU
		{F9BBFDAC-F625-4F46-8B47-9D99E1776264}.Debug|Any CPU.ActiveCfg = Debug|Any CPU
		{F9BBFDAC-F625-4F46-8B47-9D99E1776264}.Debug|Any CPU.Build.0 = Debug|Any CPU
		{F9BBFDAC-F625-4F46-8B47-9D99E1776264}.Release|Any CPU.ActiveCfg = Release|Any CPU
		{F9BBFDAC-F625-4F46-8B47-9D99E1776264}.Release|Any CPU.Build.0 = Release|Any CPU
		{E57FC657-230C-4240-B1BC-ED3A8FFB7718}.Debug|Any CPU.ActiveCfg = Debug|Any CPU
		{E57FC657-230C-4240-B1BC-ED3A8FFB7718}.Debug|Any CPU.Build.0 = Debug|Any CPU
		{E57FC657-230C-4240-B1BC-ED3A8FFB7718}.Release|Any CPU.ActiveCfg = Release|Any CPU
		{E57FC657-230C-4240-B1BC-ED3A8FFB7718}.Release|Any CPU.Build.0 = Release|Any CPU
		{468BAB55-8655-424B-9CC4-5A576850F24C}.Debug|Any CPU.ActiveCfg = Debug|Any CPU
		{468BAB55-8655-424B-9CC4-5A576850F24C}.Debug|Any CPU.Build.0 = Debug|Any CPU
		{468BAB55-8655-424B-9CC4-5A576850F24C}.Release|Any CPU.ActiveCfg = Release|Any CPU
		{468BAB55-8655-424B-9CC4-5A576850F24C}.Release|Any CPU.Build.0 = Release|Any CPU
	EndGlobalSection
	GlobalSection(SolutionProperties) = preSolution
		HideSolutionNode = FALSE
	EndGlobalSection
	GlobalSection(ExtensibilityGlobals) = postSolution
		SolutionGuid = {B400766E-6D21-4D46-B194-6D571D923CF4}
	EndGlobalSection
EndGlobal
